{
    "_meta": {
        "hash": {
            "sha256": "d9ad37696a04ced7fb40dd52d1d56da5c13716caacfe4b510c1539cf37c16230"
        },
        "requires": {},
        "sources": [
            {
                "url": "https://pypi.python.org/simple",
                "verify_ssl": true
            }
        ]
    },
    "default": {
        "adafruit-gpio": {
            "version": "==1.0.3"
        },
        "adafruit-pureio": {
            "version": "==0.2.1"
        },
        "certifi": {
            "version": "==2017.7.27.1"
        },
        "chardet": {
            "version": "==3.0.4"
        },
        "spidev": {
            "version": "==3.2"
        }
    },
    "develop": {}
}
