{
    "_meta": {
        "hash": {
            "sha256": "819d8fd2db3829854ff4c1a3c34a44824d51f49e1a7e870cda67d71d84971428"
        },
        "requires": {},
        "sources": [
            {
                "url": "https://pypi.python.org/simple",
                "verify_ssl": true
            }
        ]
    },
    "default": {
        "adafruit-gpio": "==1.0.3",
        "adafruit-pureio": "==0.2.1",
        "certifi": "==2017.7.27.1",
        "chardet": "==3.0.4",
        "idna": "==2.6",
        "requests": "==2.18.4",
        "spidev": "==3.2",
        "urllib3": "==1.22"
    },
    "develop": {}
}
